github.com/anatolypaw/sgui v0.0.0-20240213160547-719433c9a5b3 h1:nqbwo218t+2CYf0SSJTJICgFCMG5x1ZI1k7qfqLsPOk=
github.com/anatolypaw/sgui v0.0.0-20240213160547-719433c9a5b3/go.mod h1:NnD6yNOhHjEnTiEpQJ6yuq/pytyCE+E4iHdWHG8q4X8=
github.com/anatolypaw/sgui v0.0.0-20240214064331-ab96f26d6646 h1:oZe/OzTvEY2oENyfB8hzfyPK5+f8ynCQIfu2xkwhFx8=
github.com/anatolypaw/sgui v0.0.0-20240214064331-ab96f26d6646/go.mod h1:NnD6yNOhHjEnTiEpQJ6yuq/pytyCE+E4iHdWHG8q4X8=
github.com/anatolypaw/sgui v0.1.0 h1:cBWynp4R0hHdxZ6yQX95yPHsPprpkyS3Emw/ra5XsYw=
github.com/anatolypaw/sgui v0.1.0/go.mod h1:NnD6yNOhHjEnTiEpQJ6yuq/pytyCE+E4iHdWHG8q4X8=
